<?xml version="1.0" encoding="utf-8"?>
<Project ToolsVersion="4.0" xmlns="http://schemas.microsoft.com/developer/msbuild/2003">
  <ItemGroup>
    <ClInclude Include="Interpreter.h">
      <Filter>Header</Filter>
    </ClInclude>
    <ClInclude Include="API.h">
      <Filter>Header</Filter>
    </ClInclude>
    <ClInclude Include="Chunk.h">
      <Filter>Header</Filter>
    </ClInclude>
    <ClInclude Include="File.h">
      <Filter>Header</Filter>
    </ClInclude>
    <ClInclude Include="FilesContainer.h">
      <Filter>Header</Filter>
    </ClInclude>
    <ClInclude Include="FileSystem.h">
      <Filter>Header</Filter>
    </ClInclude>
    <ClInclude Include="Helper.h">
      <Filter>Header</Filter>
    </ClInclude>
    <ClInclude Include="Hierarchy.h">
      <Filter>Header</Filter>
    </ClInclude>
  </ItemGroup>
  <ItemGroup>
    <Filter Include="Header">
      <UniqueIdentifier>{805a831d-4da9-43c2-b184-d77379f90168}</UniqueIdentifier>
    </Filter>
    <Filter Include="Source">
      <UniqueIdentifier>{9f0e68a8-04ae-4ab6-8e88-acfea497d9bf}</UniqueIdentifier>
    </Filter>
  </ItemGroup>
  <ItemGroup>
    <ClCompile Include="main.cpp">
      <Filter>Source</Filter>
    </ClCompile>
    <ClCompile Include="Interpreter.cpp">
      <Filter>Source</Filter>
    </ClCompile>
    <ClCompile Include="Hierarchy.cpp">
      <Filter>Source</Filter>
    </ClCompile>
    <ClCompile Include="Helper.cpp">
      <Filter>Source</Filter>
    </ClCompile>
    <ClCompile Include="File.cpp">
      <Filter>Source</Filter>
    </ClCompile>
    <ClCompile Include="Chunk.cpp">
      <Filter>Source</Filter>
    </ClCompile>
    <ClCompile Include="FileSystem.cpp">
      <Filter>Source</Filter>
    </ClCompile>
    <ClCompile Include="FilesContainer.cpp">
      <Filter>Source</Filter>
    </ClCompile>
  </ItemGroup>
</Project>